
Microsoft Visual Studio Solution File, Format Version 12.00
# Visual Studio 2013
VisualStudioVersion = 12.0.40629.0
MinimumVisualStudioVersion = 10.0.40219.1
Project("{2150E333-8FDC-42A3-9474-1A3956D46DE8}") = "01-UI", "01-UI", "{6A30A187-39E7-4418-87D7-4CD1B364015F}"
EndProject
Project("{2150E333-8FDC-42A3-9474-1A3956D46DE8}") = "02-UI COMMON", "02-UI COMMON", "{4A9A06F0-1CE5-4273-9392-648E7F42E893}"
EndProject
Project("{2150E333-8FDC-42A3-9474-1A3956D46DE8}") = "03-Business Logic", "03-Business Logic", "{182267E2-95B4-4314-84E0-9A1AA80181AD}"
EndProject
Project("{2150E333-8FDC-42A3-9474-1A3956D46DE8}") = "04-Framwork", "04-Framwork", "{C51081F3-9A25-4003-8F1C-9B6D6B49AF53}"
EndProject
Project("{2150E333-8FDC-42A3-9474-1A3956D46DE8}") = "05-Tests", "05-Tests", "{C7C07E06-F65E-4479-956E-FC16579CDE99}"
EndProject
Project("{FAE04EC0-301F-11D3-BF4B-00C04F79EFBC}") = "Web", "Web\Web.csproj", "{F312F38E-3D63-40FB-A924-9E049FDAB8EA}"
EndProject
Project("{FAE04EC0-301F-11D3-BF4B-00C04F79EFBC}") = "Adminweb", "Adminweb\Adminweb.csproj", "{2E231E39-F538-40A6-862F-4EC3E9F4BC81}"
EndProject
Project("{FAE04EC0-301F-11D3-BF4B-00C04F79EFBC}") = "UiCommon", "UiCommon\UiCommon.csproj", "{6D87BE2E-B8E6-451B-A31C-E3B2414A4131}"
EndProject
Project("{FAE04EC0-301F-11D3-BF4B-00C04F79EFBC}") = "Tests", "Tests\Tests.csproj", "{EB1A77C9-DFA5-4F5E-9BEB-04B0E53A5019}"
EndProject
Project("{FAE04EC0-301F-11D3-BF4B-00C04F79EFBC}") = "Mammothcode.Public.Data", "Framwork-Data\Mammothcode.Public.Data.csproj", "{63149C2A-9BCC-46BD-B8A7-45AAFEBF6E3E}"
EndProject
Project("{FAE04EC0-301F-11D3-BF4B-00C04F79EFBC}") = "Mammothcode.Public.Core", "Framwork-Core\Mammothcode.Public.Core.csproj", "{73650D83-BC03-4A8F-BB16-09F2D6F6A71E}"
EndProject
Project("{2150E333-8FDC-42A3-9474-1A3956D46DE8}") = "06-Reference", "06-Reference", "{5EC98337-40D2-4F55-B381-8A234AEAD786}"
	ProjectSection(SolutionItems) = preProject
		..\..\Mammothcode.Technology\Mammothcode.XiuCheWenwen\Reference\Moq.dll = ..\..\Mammothcode.Technology\Mammothcode.XiuCheWenwen\Reference\Moq.dll
		..\..\Mammothcode.Technology\Mammothcode.XiuCheWenwen\Reference\nunit.framework.dll = ..\..\Mammothcode.Technology\Mammothcode.XiuCheWenwen\Reference\nunit.framework.dll
	EndProjectSection
EndProject
Global
	GlobalSection(SolutionConfigurationPlatforms) = preSolution
		Debug|Any CPU = Debug|Any CPU
		Release|Any CPU = Release|Any CPU
	EndGlobalSection
	GlobalSection(ProjectConfigurationPlatforms) = postSolution
		{F312F38E-3D63-40FB-A924-9E049FDAB8EA}.Debug|Any CPU.ActiveCfg = Debug|Any CPU
		{F312F38E-3D63-40FB-A924-9E049FDAB8EA}.Debug|Any CPU.Build.0 = Debug|Any CPU
		{F312F38E-3D63-40FB-A924-9E049FDAB8EA}.Release|Any CPU.ActiveCfg = Release|Any CPU
		{F312F38E-3D63-40FB-A924-9E049FDAB8EA}.Release|Any CPU.Build.0 = Release|Any CPU
		{2E231E39-F538-40A6-862F-4EC3E9F4BC81}.Debug|Any CPU.ActiveCfg = Debug|Any CPU
		{2E231E39-F538-40A6-862F-4EC3E9F4BC81}.Debug|Any CPU.Build.0 = Debug|Any CPU
		{2E231E39-F538-40A6-862F-4EC3E9F4BC81}.Release|Any CPU.ActiveCfg = Release|Any CPU
		{2E231E39-F538-40A6-862F-4EC3E9F4BC81}.Release|Any CPU.Build.0 = Release|Any CPU
		{6D87BE2E-B8E6-451B-A31C-E3B2414A4131}.Debug|Any CPU.ActiveCfg = Debug|Any CPU
		{6D87BE2E-B8E6-451B-A31C-E3B2414A4131}.Debug|Any CPU.Build.0 = Debug|Any CPU
		{6D87BE2E-B8E6-451B-A31C-E3B2414A4131}.Release|Any CPU.ActiveCfg = Release|Any CPU
		{6D87BE2E-B8E6-451B-A31C-E3B2414A4131}.Release|Any CPU.Build.0 = Release|Any CPU
		{EB1A77C9-DFA5-4F5E-9BEB-04B0E53A5019}.Debug|Any CPU.ActiveCfg = Debug|Any CPU
		{EB1A77C9-DFA5-4F5E-9BEB-04B0E53A5019}.Debug|Any CPU.Build.0 = Debug|Any CPU
		{EB1A77C9-DFA5-4F5E-9BEB-04B0E53A5019}.Release|Any CPU.ActiveCfg = Release|Any CPU
		{EB1A77C9-DFA5-4F5E-9BEB-04B0E53A5019}.Release|Any CPU.Build.0 = Release|Any CPU
		{63149C2A-9BCC-46BD-B8A7-45AAFEBF6E3E}.Debug|Any CPU.ActiveCfg = Debug|Any CPU
		{63149C2A-9BCC-46BD-B8A7-45AAFEBF6E3E}.Debug|Any CPU.Build.0 = Debug|Any CPU
		{63149C2A-9BCC-46BD-B8A7-45AAFEBF6E3E}.Release|Any CPU.ActiveCfg = Release|Any CPU
		{63149C2A-9BCC-46BD-B8A7-45AAFEBF6E3E}.Release|Any CPU.Build.0 = Release|Any CPU
		{73650D83-BC03-4A8F-BB16-09F2D6F6A71E}.Debug|Any CPU.ActiveCfg = Debug|Any CPU
		{73650D83-BC03-4A8F-BB16-09F2D6F6A71E}.Debug|Any CPU.Build.0 = Debug|Any CPU
		{73650D83-BC03-4A8F-BB16-09F2D6F6A71E}.Release|Any CPU.ActiveCfg = Release|Any CPU
		{73650D83-BC03-4A8F-BB16-09F2D6F6A71E}.Release|Any CPU.Build.0 = Release|Any CPU
	EndGlobalSection
	GlobalSection(SolutionProperties) = preSolution
		HideSolutionNode = FALSE
	EndGlobalSection
	GlobalSection(NestedProjects) = preSolution
		{F312F38E-3D63-40FB-A924-9E049FDAB8EA} = {6A30A187-39E7-4418-87D7-4CD1B364015F}
		{2E231E39-F538-40A6-862F-4EC3E9F4BC81} = {6A30A187-39E7-4418-87D7-4CD1B364015F}
		{6D87BE2E-B8E6-451B-A31C-E3B2414A4131} = {4A9A06F0-1CE5-4273-9392-648E7F42E893}
		{EB1A77C9-DFA5-4F5E-9BEB-04B0E53A5019} = {C7C07E06-F65E-4479-956E-FC16579CDE99}
		{63149C2A-9BCC-46BD-B8A7-45AAFEBF6E3E} = {C51081F3-9A25-4003-8F1C-9B6D6B49AF53}
		{73650D83-BC03-4A8F-BB16-09F2D6F6A71E} = {C51081F3-9A25-4003-8F1C-9B6D6B49AF53}
	EndGlobalSection
EndGlobal
